
Microsoft Visual Studio Solution File, Format Version 12.00
# Visual Studio 15
VisualStudioVersion = 15.0.26730.15
MinimumVisualStudioVersion = 10.0.40219.1
Project("{FAE04EC0-301F-11D3-BF4B-00C04F79EFBC}") = "ShopCore", "ShopCore\ShopCore.csproj", "{86881E9F-E741-479F-B17E-DFB2AE386CEB}"
EndProject
Project("{FAE04EC0-301F-11D3-BF4B-00C04F79EFBC}") = "ShopCore.Data", "ShopCore.Data\ShopCore.Data.csproj", "{0C2ADEAC-1D93-452C-A403-FD79532E4605}"
EndProject
Project("{FAE04EC0-301F-11D3-BF4B-00C04F79EFBC}") = "ShopCore.Data.EF", "ShopCore.Data.EF\ShopCore.Data.EF.csproj", "{46BF84B1-614E-40D3-A721-B5CFE0887C95}"
EndProject
Project("{FAE04EC0-301F-11D3-BF4B-00C04F79EFBC}") = "ShopCore.Infrastructer", "ShopCore.Infrastructer\ShopCore.Infrastructer.csproj", "{007FEE04-73AC-4FE8-B085-D4082687A5B4}"
EndProject
Project("{FAE04EC0-301F-11D3-BF4B-00C04F79EFBC}") = "ShopCore.Utilities", "ShopCore.Utilities\ShopCore.Utilities.csproj", "{09EA7734-572A-4E20-B0D3-74809B0AC35A}"
EndProject
Project("{FAE04EC0-301F-11D3-BF4B-00C04F79EFBC}") = "ShopCore.Application", "ShopCore.Application\ShopCore.Application.csproj", "{164EEC1C-2B1B-4B8E-9C0B-53F70BA7009A}"
EndProject
Project("{2150E333-8FDC-42A3-9474-1A3956D46DE8}") = "1.Presentation", "1.Presentation", "{F67AB699-208A-4F3B-8CA4-E7830DC4196A}"
EndProject
Project("{2150E333-8FDC-42A3-9474-1A3956D46DE8}") = "2.Application", "2.Application", "{DA96C145-921C-4B49-8E4D-45A277DA4843}"
EndProject
Project("{2150E333-8FDC-42A3-9474-1A3956D46DE8}") = "3.Domain", "3.Domain", "{4561B0C2-32B5-457E-9217-8B1171776B31}"
EndProject
Project("{2150E333-8FDC-42A3-9474-1A3956D46DE8}") = "4.Infrastructer", "4.Infrastructer", "{F4AF4C23-6518-4554-9CDF-060DD65E3E4A}"
EndProject
Global
	GlobalSection(SolutionConfigurationPlatforms) = preSolution
		Debug|Any CPU = Debug|Any CPU
		Release|Any CPU = Release|Any CPU
	EndGlobalSection
	GlobalSection(ProjectConfigurationPlatforms) = postSolution
		{86881E9F-E741-479F-B17E-DFB2AE386CEB}.Debug|Any CPU.ActiveCfg = Debug|Any CPU
		{86881E9F-E741-479F-B17E-DFB2AE386CEB}.Debug|Any CPU.Build.0 = Debug|Any CPU
		{86881E9F-E741-479F-B17E-DFB2AE386CEB}.Release|Any CPU.ActiveCfg = Release|Any CPU
		{86881E9F-E741-479F-B17E-DFB2AE386CEB}.Release|Any CPU.Build.0 = Release|Any CPU
		{0C2ADEAC-1D93-452C-A403-FD79532E4605}.Debug|Any CPU.ActiveCfg = Debug|Any CPU
		{0C2ADEAC-1D93-452C-A403-FD79532E4605}.Debug|Any CPU.Build.0 = Debug|Any CPU
		{0C2ADEAC-1D93-452C-A403-FD79532E4605}.Release|Any CPU.ActiveCfg = Release|Any CPU
		{0C2ADEAC-1D93-452C-A403-FD79532E4605}.Release|Any CPU.Build.0 = Release|Any CPU
		{46BF84B1-614E-40D3-A721-B5CFE0887C95}.Debug|Any CPU.ActiveCfg = Debug|Any CPU
		{46BF84B1-614E-40D3-A721-B5CFE0887C95}.Debug|Any CPU.Build.0 = Debug|Any CPU
		{46BF84B1-614E-40D3-A721-B5CFE0887C95}.Release|Any CPU.ActiveCfg = Release|Any CPU
		{46BF84B1-614E-40D3-A721-B5CFE0887C95}.Release|Any CPU.Build.0 = Release|Any CPU
		{007FEE04-73AC-4FE8-B085-D4082687A5B4}.Debug|Any CPU.ActiveCfg = Debug|Any CPU
		{007FEE04-73AC-4FE8-B085-D4082687A5B4}.Debug|Any CPU.Build.0 = Debug|Any CPU
		{007FEE04-73AC-4FE8-B085-D4082687A5B4}.Release|Any CPU.ActiveCfg = Release|Any CPU
		{007FEE04-73AC-4FE8-B085-D4082687A5B4}.Release|Any CPU.Build.0 = Release|Any CPU
		{09EA7734-572A-4E20-B0D3-74809B0AC35A}.Debug|Any CPU.ActiveCfg = Debug|Any CPU
		{09EA7734-572A-4E20-B0D3-74809B0AC35A}.Debug|Any CPU.Build.0 = Debug|Any CPU
		{09EA7734-572A-4E20-B0D3-74809B0AC35A}.Release|Any CPU.ActiveCfg = Release|Any CPU
		{09EA7734-572A-4E20-B0D3-74809B0AC35A}.Release|Any CPU.Build.0 = Release|Any CPU
		{164EEC1C-2B1B-4B8E-9C0B-53F70BA7009A}.Debug|Any CPU.ActiveCfg = Debug|Any CPU
		{164EEC1C-2B1B-4B8E-9C0B-53F70BA7009A}.Debug|Any CPU.Build.0 = Debug|Any CPU
		{164EEC1C-2B1B-4B8E-9C0B-53F70BA7009A}.Release|Any CPU.ActiveCfg = Release|Any CPU
		{164EEC1C-2B1B-4B8E-9C0B-53F70BA7009A}.Release|Any CPU.Build.0 = Release|Any CPU
	EndGlobalSection
	GlobalSection(SolutionProperties) = preSolution
		HideSolutionNode = FALSE
	EndGlobalSection
	GlobalSection(NestedProjects) = preSolution
		{86881E9F-E741-479F-B17E-DFB2AE386CEB} = {F67AB699-208A-4F3B-8CA4-E7830DC4196A}
		{0C2ADEAC-1D93-452C-A403-FD79532E4605} = {4561B0C2-32B5-457E-9217-8B1171776B31}
		{46BF84B1-614E-40D3-A721-B5CFE0887C95} = {4561B0C2-32B5-457E-9217-8B1171776B31}
		{007FEE04-73AC-4FE8-B085-D4082687A5B4} = {F4AF4C23-6518-4554-9CDF-060DD65E3E4A}
		{09EA7734-572A-4E20-B0D3-74809B0AC35A} = {F4AF4C23-6518-4554-9CDF-060DD65E3E4A}
		{164EEC1C-2B1B-4B8E-9C0B-53F70BA7009A} = {DA96C145-921C-4B49-8E4D-45A277DA4843}
	EndGlobalSection
	GlobalSection(ExtensibilityGlobals) = postSolution
		SolutionGuid = {D5B65C70-331C-49BC-BE70-90C97C4D9456}
	EndGlobalSection
EndGlobal
